
Microsoft Visual Studio Solution File, Format Version 12.00
Project("{FAE04EC0-301F-11D3-BF4B-00C04F79EFBC}") = "Avaliacao3935", "Avaliacao3935\Avaliacao3935.csproj", "{01877D41-73CB-4C2C-B77E-18D38DF4BB5F}"
EndProject
Global
	GlobalSection(SolutionConfigurationPlatforms) = preSolution
		Debug|Any CPU = Debug|Any CPU
		Release|Any CPU = Release|Any CPU
	EndGlobalSection
	GlobalSection(ProjectConfigurationPlatforms) = postSolution
		{01877D41-73CB-4C2C-B77E-18D38DF4BB5F}.Debug|Any CPU.ActiveCfg = Debug|Any CPU
		{01877D41-73CB-4C2C-B77E-18D38DF4BB5F}.Debug|Any CPU.Build.0 = Debug|Any CPU
		{01877D41-73CB-4C2C-B77E-18D38DF4BB5F}.Release|Any CPU.ActiveCfg = Release|Any CPU
		{01877D41-73CB-4C2C-B77E-18D38DF4BB5F}.Release|Any CPU.Build.0 = Release|Any CPU
	EndGlobalSection
EndGlobal
